
Microsoft Visual Studio Solution File, Format Version 12.00
# Visual Studio Version 17
VisualStudioVersion = 17.2.32526.322
MinimumVisualStudioVersion = 10.0.40219.1
Project("{FAE04EC0-301F-11D3-BF4B-00C04F79EFBC}") = "GenshinInjector", "GenshinInjector\GenshinInjector.csproj", "{7AAE4163-405A-4F0B-B237-D88C5FC030C8}"
EndProject
Project("{FAE04EC0-301F-11D3-BF4B-00C04F79EFBC}") = "Injector", "Injector\Injector.csproj", "{D316B70B-500D-422C-8BC0-99F8D46E74B0}"
EndProject
Global
	GlobalSection(SolutionConfigurationPlatforms) = preSolution
		Debug|Any CPU = Debug|Any CPU
		Release|Any CPU = Release|Any CPU
	EndGlobalSection
	GlobalSection(ProjectConfigurationPlatforms) = postSolution
		{7AAE4163-405A-4F0B-B237-D88C5FC030C8}.Debug|Any CPU.ActiveCfg = Debug|Any CPU
		{7AAE4163-405A-4F0B-B237-D88C5FC030C8}.Debug|Any CPU.Build.0 = Debug|Any CPU
		{7AAE4163-405A-4F0B-B237-D88C5FC030C8}.Release|Any CPU.ActiveCfg = Release|Any CPU
		{7AAE4163-405A-4F0B-B237-D88C5FC030C8}.Release|Any CPU.Build.0 = Release|Any CPU
		{D316B70B-500D-422C-8BC0-99F8D46E74B0}.Debug|Any CPU.ActiveCfg = Debug|Any CPU
		{D316B70B-500D-422C-8BC0-99F8D46E74B0}.Debug|Any CPU.Build.0 = Debug|Any CPU
		{D316B70B-500D-422C-8BC0-99F8D46E74B0}.Release|Any CPU.ActiveCfg = Release|Any CPU
		{D316B70B-500D-422C-8BC0-99F8D46E74B0}.Release|Any CPU.Build.0 = Release|Any CPU
	EndGlobalSection
	GlobalSection(SolutionProperties) = preSolution
		HideSolutionNode = FALSE
	EndGlobalSection
	GlobalSection(ExtensibilityGlobals) = postSolution
		SolutionGuid = {68E55D87-D64C-4915-86F9-59D76DEF6EF7}
	EndGlobalSection
EndGlobal
